// !$*UTF8*$!
{
	archiveVersion = 1;
	classes = {
	};
	objectVersion = 55;
	objects = {

/* Begin PBXBuildFile section */
		2A25AB3928A14B22002C0F70 /* webviewlinksampleApp.swift in Sources */ = {isa = PBXBuildFile; fileRef = 2A25AB3828A14B22002C0F70 /* webviewlinksampleApp.swift */; };
		2A25AB3B28A14B22002C0F70 /* ContentView.swift in Sources */ = {isa = PBXBuildFile; fileRef = 2A25AB3A28A14B22002C0F70 /* ContentView.swift */; };
		2A25AB3D28A14B24002C0F70 /* Assets.xcassets in Resources */ = {isa = PBXBuildFile; fileRef = 2A25AB3C28A14B24002C0F70 /* Assets.xcassets */; };
		2A25AB4028A14B24002C0F70 /* Preview Assets.xcassets in Resources */ = {isa = PBXBuildFile; fileRef = 2A25AB3F28A14B24002C0F70 /* Preview Assets.xcassets */; };
		2A25AB4A28A14B24002C0F70 /* webviewlinksampleTests.swift in Sources */ = {isa = PBXBuildFile; fileRef = 2A25AB4928A14B24002C0F70 /* webviewlinksampleTests.swift */; };
		2A25AB5428A14B25002C0F70 /* webviewlinksampleUITests.swift in Sources */ = {isa = PBXBuildFile; fileRef = 2A25AB5328A14B25002C0F70 /* webviewlinksampleUITests.swift */; };
		2A25AB5628A14B25002C0F70 /* webviewlinksampleUITestsLaunchTests.swift in Sources */ = {isa = PBXBuildFile; fileRef = 2A25AB5528A14B25002C0F70 /* webviewlinksampleUITestsLaunchTests.swift */; };
/* End PBXBuildFile section */

/* Begin PBXContainerItemProxy section */
		2A25AB4628A14B24002C0F70 /* PBXContainerItemProxy */ = {
			isa = PBXContainerItemProxy;
			containerPortal = 2A25AB2D28A14B22002C0F70 /* Project object */;
			proxyType = 1;
			remoteGlobalIDString = 2A25AB3428A14B22002C0F70;
			remoteInfo = webviewlinksample;
		};
		2A25AB5028A14B25002C0F70 /* PBXContainerItemProxy */ = {
			isa = PBXContainerItemProxy;
			containerPortal = 2A25AB2D28A14B22002C0F70 /* Project object */;
			proxyType = 1;
			remoteGlobalIDString = 2A25AB3428A14B22002C0F70;
			remoteInfo = webviewlinksample;
		};
/* End PBXContainerItemProxy section */

/* Begin PBXFileReference section */
		2A25AB3528A14B22002C0F70 /* webviewlinksample.app */ = {isa = PBXFileReference; explicitFileType = wrapper.application; includeInIndex = 0; path = webviewlinksample.app; sourceTree = BUILT_PRODUCTS_DIR; };
		2A25AB3828A14B22002C0F70 /* webviewlinksampleApp.swift */ = {isa = PBXFileReference; lastKnownFileType = sourcecode.swift; path = webviewlinksampleApp.swift; sourceTree = "<group>"; };
		2A25AB3A28A14B22002C0F70 /* ContentView.swift */ = {isa = PBXFileReference; lastKnownFileType = sourcecode.swift; path = ContentView.swift; sourceTree = "<group>"; };
		2A25AB3C28A14B24002C0F70 /* Assets.xcassets */ = {isa = PBXFileReference; lastKnownFileType = folder.assetcatalog; path = Assets.xcassets; sourceTree = "<group>"; };
		2A25AB3F28A14B24002C0F70 /* Preview Assets.xcassets */ = {isa = PBXFileReference; lastKnownFileType = folder.assetcatalog; path = "Preview Assets.xcassets"; sourceTree = "<group>"; };
		2A25AB4528A14B24002C0F70 /* webviewlinksampleTests.xctest */ = {isa = PBXFileReference; explicitFileType = wrapper.cfbundle; includeInIndex = 0; path = webviewlinksampleTests.xctest; sourceTree = BUILT_PRODUCTS_DIR; };
		2A25AB4928A14B24002C0F70 /* webviewlinksampleTests.swift */ = {isa = PBXFileReference; lastKnownFileType = sourcecode.swift; path = webviewlinksampleTests.swift; sourceTree = "<group>"; };
		2A25AB4F28A14B25002C0F70 /* webviewlinksampleUITests.xctest */ = {isa = PBXFileReference; explicitFileType = wrapper.cfbundle; includeInIndex = 0; path = webviewlinksampleUITests.xctest; sourceTree = BUILT_PRODUCTS_DIR; };
		2A25AB5328A14B25002C0F70 /* webviewlinksampleUITests.swift */ = {isa = PBXFileReference; lastKnownFileType = sourcecode.swift; path = webviewlinksampleUITests.swift; sourceTree = "<group>"; };
		2A25AB5528A14B25002C0F70 /* webviewlinksampleUITestsLaunchTests.swift */ = {isa = PBXFileReference; lastKnownFileType = sourcecode.swift; path = webviewlinksampleUITestsLaunchTests.swift; sourceTree = "<group>"; };
/* End PBXFileReference section */

/* Begin PBXFrameworksBuildPhase section */
		2A25AB3228A14B22002C0F70 /* Frameworks */ = {
			isa = PBXFrameworksBuildPhase;
			buildActionMask = 2147483647;
			files = (
			);
			runOnlyForDeploymentPostprocessing = 0;
		};
		2A25AB4228A14B24002C0F70 /* Frameworks */ = {
			isa = PBXFrameworksBuildPhase;
			buildActionMask = 2147483647;
			files = (
			);
			runOnlyForDeploymentPostprocessing = 0;
		};
		2A25AB4C28A14B25002C0F70 /* Frameworks */ = {
			isa = PBXFrameworksBuildPhase;
			buildActionMask = 2147483647;
			files = (
			);
			runOnlyForDeploymentPostprocessing = 0;
		};
/* End PBXFrameworksBuildPhase section */

/* Begin PBXGroup section */
		2A25AB2C28A14B22002C0F70 = {
			isa = PBXGroup;
			children = (
				2A25AB3728A14B22002C0F70 /* webviewlinksample */,
				2A25AB4828A14B24002C0F70 /* webviewlinksampleTests */,
				2A25AB5228A14B25002C0F70 /* webviewlinksampleUITests */,
				2A25AB3628A14B22002C0F70 /* Products */,
			);
			sourceTree = "<group>";
		};
		2A25AB3628A14B22002C0F70 /* Products */ = {
			isa = PBXGroup;
			children = (
				2A25AB3528A14B22002C0F70 /* webviewlinksample.app */,
				2A25AB4528A14B24002C0F70 /* webviewlinksampleTests.xctest */,
				2A25AB4F28A14B25002C0F70 /* webviewlinksampleUITests.xctest */,
			);
			name = Products;
			sourceTree = "<group>";
		};
		2A25AB3728A14B22002C0F70 /* webviewlinksample */ = {
			isa = PBXGroup;
			children = (
				2A25AB3828A14B22002C0F70 /* webviewlinksampleApp.swift */,
				2A25AB3A28A14B22002C0F70 /* ContentView.swift */,
				2A25AB3C28A14B24002C0F70 /* Assets.xcassets */,
				2A25AB3E28A14B24002C0F70 /* Preview Content */,
			);
			path = webviewlinksample;
			sourceTree = "<group>";
		};
		2A25AB3E28A14B24002C0F70 /* Preview Content */ = {
			isa = PBXGroup;
			children = (
				2A25AB3F28A14B24002C0F70 /* Preview Assets.xcassets */,
			);
			path = "Preview Content";
			sourceTree = "<group>";
		};
		2A25AB4828A14B24002C0F70 /* webviewlinksampleTests */ = {
			isa = PBXGroup;
			children = (
				2A25AB4928A14B24002C0F70 /* webviewlinksampleTests.swift */,
			);
			path = webviewlinksampleTests;
			sourceTree = "<group>";
		};
		2A25AB5228A14B25002C0F70 /* webviewlinksampleUITests */ = {
			isa = PBXGroup;
			children = (
				2A25AB5328A14B25002C0F70 /* webviewlinksampleUITests.swift */,
				2A25AB5528A14B25002C0F70 /* webviewlinksampleUITestsLaunchTests.swift */,
			);
			path = webviewlinksampleUITests;
			sourceTree = "<group>";
		};
/* End PBXGroup section */

/* Begin PBXNativeTarget section */
		2A25AB3428A14B22002C0F70 /* webviewlinksample */ = {
			isa = PBXNativeTarget;
			buildConfigurationList = 2A25AB5928A14B25002C0F70 /* Build configuration list for PBXNativeTarget "webviewlinksample" */;
			buildPhases = (
				2A25AB3128A14B22002C0F70 /* Sources */,
				2A25AB3228A14B22002C0F70 /* Frameworks */,
				2A25AB3328A14B22002C0F70 /* Resources */,
			);
			buildRules = (
			);
			dependencies = (
			);
			name = webviewlinksample;
			productName = webviewlinksample;
			productReference = 2A25AB3528A14B22002C0F70 /* webviewlinksample.app */;
			productType = "com.apple.product-type.application";
		};
		2A25AB4428A14B24002C0F70 /* webviewlinksampleTests */ = {
			isa = PBXNativeTarget;
			buildConfigurationList = 2A25AB5C28A14B25002C0F70 /* Build configuration list for PBXNativeTarget "webviewlinksampleTests" */;
			buildPhases = (
				2A25AB4128A14B24002C0F70 /* Sources */,
				2A25AB4228A14B24002C0F70 /* Frameworks */,
				2A25AB4328A14B24002C0F70 /* Resources */,
			);
			buildRules = (
			);
			dependencies = (
				2A25AB4728A14B24002C0F70 /* PBXTargetDependency */,
			);
			name = webviewlinksampleTests;
			productName = webviewlinksampleTests;
			productReference = 2A25AB4528A14B24002C0F70 /* webviewlinksampleTests.xctest */;
			productType = "com.apple.product-type.bundle.unit-test";
		};
		2A25AB4E28A14B25002C0F70 /* webviewlinksampleUITests */ = {
			isa = PBXNativeTarget;
			buildConfigurationList = 2A25AB5F28A14B25002C0F70 /* Build configuration list for PBXNativeTarget "webviewlinksampleUITests" */;
			buildPhases = (
				2A25AB4B28A14B25002C0F70 /* Sources */,
				2A25AB4C28A14B25002C0F70 /* Frameworks */,
				2A25AB4D28A14B25002C0F70 /* Resources */,
			);
			buildRules = (
			);
			dependencies = (
				2A25AB5128A14B25002C0F70 /* PBXTargetDependency */,
			);
			name = webviewlinksampleUITests;
			productName = webviewlinksampleUITests;
			productReference = 2A25AB4F28A14B25002C0F70 /* webviewlinksampleUITests.xctest */;
			productType = "com.apple.product-type.bundle.ui-testing";
		};
/* End PBXNativeTarget section */

/* Begin PBXProject section */
		2A25AB2D28A14B22002C0F70 /* Project object */ = {
			isa = PBXProject;
			attributes = {
				BuildIndependentTargetsInParallel = 1;
				LastSwiftUpdateCheck = 1320;
				LastUpgradeCheck = 1320;
				TargetAttributes = {
					2A25AB3428A14B22002C0F70 = {
						CreatedOnToolsVersion = 13.2.1;
					};
					2A25AB4428A14B24002C0F70 = {
						CreatedOnToolsVersion = 13.2.1;
						TestTargetID = 2A25AB3428A14B22002C0F70;
					};
					2A25AB4E28A14B25002C0F70 = {
						CreatedOnToolsVersion = 13.2.1;
						TestTargetID = 2A25AB3428A14B22002C0F70;
					};
				};
			};
			buildConfigurationList = 2A25AB3028A14B22002C0F70 /* Build configuration list for PBXProject "webviewlinksample" */;
			compatibilityVersion = "Xcode 13.0";
			developmentRegion = en;
			hasScannedForEncodings = 0;
			knownRegions = (
				en,
				Base,
			);
			mainGroup = 2A25AB2C28A14B22002C0F70;
			productRefGroup = 2A25AB3628A14B22002C0F70 /* Products */;
			projectDirPath = "";
			projectRoot = "";
			targets = (
				2A25AB3428A14B22002C0F70 /* webviewlinksample */,
				2A25AB4428A14B24002C0F70 /* webviewlinksampleTests */,
				2A25AB4E28A14B25002C0F70 /* webviewlinksampleUITests */,
			);
		};
/* End PBXProject section */

/* Begin PBXResourcesBuildPhase section */
		2A25AB3328A14B22002C0F70 /* Resources */ = {
			isa = PBXResourcesBuildPhase;
			buildActionMask = 2147483647;
			files = (
				2A25AB4028A14B24002C0F70 /* Preview Assets.xcassets in Resources */,
				2A25AB3D28A14B24002C0F70 /* Assets.xcassets in Resources */,
			);
			runOnlyForDeploymentPostprocessing = 0;
		};
		2A25AB4328A14B24002C0F70 /* Resources */ = {
			isa = PBXResourcesBuildPhase;
			buildActionMask = 2147483647;
			files = (
			);
			runOnlyForDeploymentPostprocessing = 0;
		};
		2A25AB4D28A14B25002C0F70 /* Resources */ = {
			isa = PBXResourcesBuildPhase;
			buildActionMask = 2147483647;
			files = (
			);
			runOnlyForDeploymentPostprocessing = 0;
		};
/* End PBXResourcesBuildPhase section */

/* Begin PBXSourcesBuildPhase section */
		2A25AB3128A14B22002C0F70 /* Sources */ = {
			isa = PBXSourcesBuildPhase;
			buildActionMask = 2147483647;
			files = (
				2A25AB3B28A14B22002C0F70 /* ContentView.swift in Sources */,
				2A25AB3928A14B22002C0F70 /* webviewlinksampleApp.swift in Sources */,
			);
			runOnlyForDeploymentPostprocessing = 0;
		};
		2A25AB4128A14B24002C0F70 /* Sources */ = {
			isa = PBXSourcesBuildPhase;
			buildActionMask = 2147483647;
			files = (
				2A25AB4A28A14B24002C0F70 /* webviewlinksampleTests.swift in Sources */,
			);
			runOnlyForDeploymentPostprocessing = 0;
		};
		2A25AB4B28A14B25002C0F70 /* Sources */ = {
			isa = PBXSourcesBuildPhase;
			buildActionMask = 2147483647;
			files = (
				2A25AB5628A14B25002C0F70 /* webviewlinksampleUITestsLaunchTests.swift in Sources */,
				2A25AB5428A14B25002C0F70 /* webviewlinksampleUITests.swift in Sources */,
			);
			runOnlyForDeploymentPostprocessing = 0;
		};
/* End PBXSourcesBuildPhase section */

/* Begin PBXTargetDependency section */
		2A25AB4728A14B24002C0F70 /* PBXTargetDependency */ = {
			isa = PBXTargetDependency;
			target = 2A25AB3428A14B22002C0F70 /* webviewlinksample */;
			targetProxy = 2A25AB4628A14B24002C0F70 /* PBXContainerItemProxy */;
		};
		2A25AB5128A14B25002C0F70 /* PBXTargetDependency */ = {
			isa = PBXTargetDependency;
			target = 2A25AB3428A14B22002C0F70 /* webviewlinksample */;
			targetProxy = 2A25AB5028A14B25002C0F70 /* PBXContainerItemProxy */;
		};
/* End PBXTargetDependency section */

/* Begin XCBuildConfiguration section */
		2A25AB5728A14B25002C0F70 /* Debug */ = {
			isa = XCBuildConfiguration;
			buildSettings = {
				ALWAYS_SEARCH_USER_PATHS = NO;
				CLANG_ANALYZER_NONNULL = YES;
				CLANG_ANALYZER_NUMBER_OBJECT_CONVERSION = YES_AGGRESSIVE;
				CLANG_CXX_LANGUAGE_STANDARD = "gnu++17";
				CLANG_CXX_LIBRARY = "libc++";
				CLANG_ENABLE_MODULES = YES;
				CLANG_ENABLE_OBJC_ARC = YES;
				CLANG_ENABLE_OBJC_WEAK = YES;
				CLANG_WARN_BLOCK_CAPTURE_AUTORELEASING = YES;
				CLANG_WARN_BOOL_CONVERSION = YES;
				CLANG_WARN_COMMA = YES;
				CLANG_WARN_CONSTANT_CONVERSION = YES;
				CLANG_WARN_DEPRECATED_OBJC_IMPLEMENTATIONS = YES;
				CLANG_WARN_DIRECT_OBJC_ISA_USAGE = YES_ERROR;
				CLANG_WARN_DOCUMENTATION_COMMENTS = YES;
				CLANG_WARN_EMPTY_BODY = YES;
				CLANG_WARN_ENUM_CONVERSION = YES;
				CLANG_WARN_INFINITE_RECURSION = YES;
				CLANG_WARN_INT_CONVERSION = YES;
				CLANG_WARN_NON_LITERAL_NULL_CONVERSION = YES;
				CLANG_WARN_OBJC_IMPLICIT_RETAIN_SELF = YES;
				CLANG_WARN_OBJC_LITERAL_CONVERSION = YES;
				CLANG_WARN_OBJC_ROOT_CLASS = YES_ERROR;
				CLANG_WARN_QUOTED_INCLUDE_IN_FRAMEWORK_HEADER = YES;
				CLANG_WARN_RANGE_LOOP_ANALYSIS = YES;
				CLANG_WARN_STRICT_PROTOTYPES = YES;
				CLANG_WARN_SUSPICIOUS_MOVE = YES;
				CLANG_WARN_UNGUARDED_AVAILABILITY = YES_AGGRESSIVE;
				CLANG_WARN_UNREACHABLE_CODE = YES;
				CLANG_WARN__DUPLICATE_METHOD_MATCH = YES;
				COPY_PHASE_STRIP = NO;
				DEBUG_INFORMATION_FORMAT = dwarf;
				ENABLE_STRICT_OBJC_MSGSEND = YES;
				ENABLE_TESTABILITY = YES;
				GCC_C_LANGUAGE_STANDARD = gnu11;
				GCC_DYNAMIC_NO_PIC = NO;
				GCC_NO_COMMON_BLOCKS = YES;
				GCC_OPTIMIZATION_LEVEL = 0;
				GCC_PREPROCESSOR_DEFINITIONS = (
					"DEBUG=1",
					"$(inherited)",
				);
				GCC_WARN_64_TO_32_BIT_CONVERSION = YES;
				GCC_WARN_ABOUT_RETURN_TYPE = YES_ERROR;
				GCC_WARN_UNDECLARED_SELECTOR = YES;
				GCC_WARN_UNINITIALIZED_AUTOS = YES_AGGRESSIVE;
				GCC_WARN_UNUSED_FUNCTION = YES;
				GCC_WARN_UNUSED_VARIABLE = YES;
				IPHONEOS_DEPLOYMENT_TARGET = 15.2;
				MTL_ENABLE_DEBUG_INFO = INCLUDE_SOURCE;
				MTL_FAST_MATH = YES;
				ONLY_ACTIVE_ARCH = YES;
				SDKROOT = iphoneos;
				SWIFT_ACTIVE_COMPILATION_CONDITIONS = DEBUG;
				SWIFT_OPTIMIZATION_LEVEL = "-Onone";
			};
			name = Debug;
		};
		2A25AB5828A14B25002C0F70 /* Release */ = {
			isa = XCBuildConfiguration;
			buildSettings = {
				ALWAYS_SEARCH_USER_PATHS = NO;
				CLANG_ANALYZER_NONNULL = YES;
				CLANG_ANALYZER_NUMBER_OBJECT_CONVERSION = YES_AGGRESSIVE;
				CLANG_CXX_LANGUAGE_STANDARD = "gnu++17";
				CLANG_CXX_LIBRARY = "libc++";
				CLANG_ENABLE_MODULES = YES;
				CLANG_ENABLE_OBJC_ARC = YES;
				CLANG_ENABLE_OBJC_WEAK = YES;
				CLANG_WARN_BLOCK_CAPTURE_AUTORELEASING = YES;
				CLANG_WARN_BOOL_CONVERSION = YES;
				CLANG_WARN_COMMA = YES;
				CLANG_WARN_CONSTANT_CONVERSION = YES;
				CLANG_WARN_DEPRECATED_OBJC_IMPLEMENTATIONS = YES;
				CLANG_WARN_DIRECT_OBJC_ISA_USAGE = YES_ERROR;
				CLANG_WARN_DOCUMENTATION_COMMENTS = YES;
				CLANG_WARN_EMPTY_BODY = YES;
				CLANG_WARN_ENUM_CONVERSION = YES;
				CLANG_WARN_INFINITE_RECURSION = YES;
				CLANG_WARN_INT_CONVERSION = YES;
				CLANG_WARN_NON_LITERAL_NULL_CONVERSION = YES;
				CLANG_WARN_OBJC_IMPLICIT_RETAIN_SELF = YES;
				CLANG_WARN_OBJC_LITERAL_CONVERSION = YES;
				CLANG_WARN_OBJC_ROOT_CLASS = YES_ERROR;
				CLANG_WARN_QUOTED_INCLUDE_IN_FRAMEWORK_HEADER = YES;
				CLANG_WARN_RANGE_LOOP_ANALYSIS = YES;
				CLANG_WARN_STRICT_PROTOTYPES = YES;
				CLANG_WARN_SUSPICIOUS_MOVE = YES;
				CLANG_WARN_UNGUARDED_AVAILABILITY = YES_AGGRESSIVE;
				CLANG_WARN_UNREACHABLE_CODE = YES;
				CLANG_WARN__DUPLICATE_METHOD_MATCH = YES;
				COPY_PHASE_STRIP = NO;
				DEBUG_INFORMATION_FORMAT = "dwarf-with-dsym";
				ENABLE_NS_ASSERTIONS = NO;
				ENABLE_STRICT_OBJC_MSGSEND = YES;
				GCC_C_LANGUAGE_STANDARD = gnu11;
				GCC_NO_COMMON_BLOCKS = YES;
				GCC_WARN_64_TO_32_BIT_CONVERSION = YES;
				GCC_WARN_ABOUT_RETURN_TYPE = YES_ERROR;
				GCC_WARN_UNDECLARED_SELECTOR = YES;
				GCC_WARN_UNINITIALIZED_AUTOS = YES_AGGRESSIVE;
				GCC_WARN_UNUSED_FUNCTION = YES;
				GCC_WARN_UNUSED_VARIABLE = YES;
				IPHONEOS_DEPLOYMENT_TARGET = 15.2;
				MTL_ENABLE_DEBUG_INFO = NO;
				MTL_FAST_MATH = YES;
				SDKROOT = iphoneos;
				SWIFT_COMPILATION_MODE = wholemodule;
				SWIFT_OPTIMIZATION_LEVEL = "-O";
				VALIDATE_PRODUCT = YES;
			};
			name = Release;
		};
		2A25AB5A28A14B25002C0F70 /* Debug */ = {
			isa = XCBuildConfiguration;
			buildSettings = {
				ASSETCATALOG_COMPILER_APPICON_NAME = AppIcon;
				ASSETCATALOG_COMPILER_GLOBAL_ACCENT_COLOR_NAME = AccentColor;
				CODE_SIGN_STYLE = Automatic;
				CURRENT_PROJECT_VERSION = 1;
				DEVELOPMENT_ASSET_PATHS = "\"webviewlinksample/Preview Content\"";
				DEVELOPMENT_TEAM = 89N383QCZ4;
				ENABLE_PREVIEWS = YES;
				GENERATE_INFOPLIST_FILE = YES;
				INFOPLIST_KEY_UIApplicationSceneManifest_Generation = YES;
				INFOPLIST_KEY_UIApplicationSupportsIndirectInputEvents = YES;
				INFOPLIST_KEY_UILaunchScreen_Generation = YES;
				INFOPLIST_KEY_UISupportedInterfaceOrientations_iPad = "UIInterfaceOrientationPortrait UIInterfaceOrientationPortraitUpsideDown UIInterfaceOrientationLandscapeLeft UIInterfaceOrientationLandscapeRight";
				INFOPLIST_KEY_UISupportedInterfaceOrientations_iPhone = "UIInterfaceOrientationPortrait UIInterfaceOrientationLandscapeLeft UIInterfaceOrientationLandscapeRight";
				LD_RUNPATH_SEARCH_PATHS = (
					"$(inherited)",
					"@executable_path/Frameworks",
				);
				MARKETING_VERSION = 1.0;
				PRODUCT_BUNDLE_IDENTIFIER = com.example.sample.webviewlinksample;
				PRODUCT_NAME = "$(TARGET_NAME)";
				SWIFT_EMIT_LOC_STRINGS = YES;
				SWIFT_VERSION = 5.0;
				TARGETED_DEVICE_FAMILY = "1,2";
			};
			name = Debug;
		};
		2A25AB5B28A14B25002C0F70 /* Release */ = {
			isa = XCBuildConfiguration;
			buildSettings = {
				ASSETCATALOG_COMPILER_APPICON_NAME = AppIcon;
				ASSETCATALOG_COMPILER_GLOBAL_ACCENT_COLOR_NAME = AccentColor;
				CODE_SIGN_STYLE = Automatic;
				CURRENT_PROJECT_VERSION = 1;
				DEVELOPMENT_ASSET_PATHS = "\"webviewlinksample/Preview Content\"";
				DEVELOPMENT_TEAM = 89N383QCZ4;
				ENABLE_PREVIEWS = YES;
				GENERATE_INFOPLIST_FILE = YES;
				INFOPLIST_KEY_UIApplicationSceneManifest_Generation = YES;
				INFOPLIST_KEY_UIApplicationSupportsIndirectInputEvents = YES;
				INFOPLIST_KEY_UILaunchScreen_Generation = YES;
				INFOPLIST_KEY_UISupportedInterfaceOrientations_iPad = "UIInterfaceOrientationPortrait UIInterfaceOrientationPortraitUpsideDown UIInterfaceOrientationLandscapeLeft UIInterfaceOrientationLandscapeRight";
				INFOPLIST_KEY_UISupportedInterfaceOrientations_iPhone = "UIInterfaceOrientationPortrait UIInterfaceOrientationLandscapeLeft UIInterfaceOrientationLandscapeRight";
				LD_RUNPATH_SEARCH_PATHS = (
					"$(inherited)",
					"@executable_path/Frameworks",
				);
				MARKETING_VERSION = 1.0;
				PRODUCT_BUNDLE_IDENTIFIER = com.example.sample.webviewlinksample;
				PRODUCT_NAME = "$(TARGET_NAME)";
				SWIFT_EMIT_LOC_STRINGS = YES;
				SWIFT_VERSION = 5.0;
				TARGETED_DEVICE_FAMILY = "1,2";
			};
			name = Release;
		};
		2A25AB5D28A14B25002C0F70 /* Debug */ = {
			isa = XCBuildConfiguration;
			buildSettings = {
				ALWAYS_EMBED_SWIFT_STANDARD_LIBRARIES = YES;
				BUNDLE_LOADER = "$(TEST_HOST)";
				CODE_SIGN_STYLE = Automatic;
				CURRENT_PROJECT_VERSION = 1;
				DEVELOPMENT_TEAM = 89N383QCZ4;
				GENERATE_INFOPLIST_FILE = YES;
				IPHONEOS_DEPLOYMENT_TARGET = 15.2;
				MARKETING_VERSION = 1.0;
				PRODUCT_BUNDLE_IDENTIFIER = com.example.sample.webviewlinksampleTests;
				PRODUCT_NAME = "$(TARGET_NAME)";
				SWIFT_EMIT_LOC_STRINGS = NO;
				SWIFT_VERSION = 5.0;
				TARGETED_DEVICE_FAMILY = "1,2";
				TEST_HOST = "$(BUILT_PRODUCTS_DIR)/webviewlinksample.app/webviewlinksample";
			};
			name = Debug;
		};
		2A25AB5E28A14B25002C0F70 /* Release */ = {
			isa = XCBuildConfiguration;
			buildSettings = {
				ALWAYS_EMBED_SWIFT_STANDARD_LIBRARIES = YES;
				BUNDLE_LOADER = "$(TEST_HOST)";
				CODE_SIGN_STYLE = Automatic;
				CURRENT_PROJECT_VERSION = 1;
				DEVELOPMENT_TEAM = 89N383QCZ4;
				GENERATE_INFOPLIST_FILE = YES;
				IPHONEOS_DEPLOYMENT_TARGET = 15.2;
				MARKETING_VERSION = 1.0;
				PRODUCT_BUNDLE_IDENTIFIER = com.example.sample.webviewlinksampleTests;
				PRODUCT_NAME = "$(TARGET_NAME)";
				SWIFT_EMIT_LOC_STRINGS = NO;
				SWIFT_VERSION = 5.0;
				TARGETED_DEVICE_FAMILY = "1,2";
				TEST_HOST = "$(BUILT_PRODUCTS_DIR)/webviewlinksample.app/webviewlinksample";
			};
			name = Release;
		};
		2A25AB6028A14B25002C0F70 /* Debug */ = {
			isa = XCBuildConfiguration;
			buildSettings = {
				ALWAYS_EMBED_SWIFT_STANDARD_LIBRARIES = YES;
				CODE_SIGN_STYLE = Automatic;
				CURRENT_PROJECT_VERSION = 1;
				DEVELOPMENT_TEAM = 89N383QCZ4;
				GENERATE_INFOPLIST_FILE = YES;
				MARKETING_VERSION = 1.0;
				PRODUCT_BUNDLE_IDENTIFIER = com.example.sample.webviewlinksampleUITests;
				PRODUCT_NAME = "$(TARGET_NAME)";
				SWIFT_EMIT_LOC_STRINGS = NO;
				SWIFT_VERSION = 5.0;
				TARGETED_DEVICE_FAMILY = "1,2";
				TEST_TARGET_NAME = webviewlinksample;
			};
			name = Debug;
		};
		2A25AB6128A14B25002C0F70 /* Release */ = {
			isa = XCBuildConfiguration;
			buildSettings = {
				ALWAYS_EMBED_SWIFT_STANDARD_LIBRARIES = YES;
				CODE_SIGN_STYLE = Automatic;
				CURRENT_PROJECT_VERSION = 1;
				DEVELOPMENT_TEAM = 89N383QCZ4;
				GENERATE_INFOPLIST_FILE = YES;
				MARKETING_VERSION = 1.0;
				PRODUCT_BUNDLE_IDENTIFIER = com.example.sample.webviewlinksampleUITests;
				PRODUCT_NAME = "$(TARGET_NAME)";
				SWIFT_EMIT_LOC_STRINGS = NO;
				SWIFT_VERSION = 5.0;
				TARGETED_DEVICE_FAMILY = "1,2";
				TEST_TARGET_NAME = webviewlinksample;
			};
			name = Release;
		};
/* End XCBuildConfiguration section */

/* Begin XCConfigurationList section */
		2A25AB3028A14B22002C0F70 /* Build configuration list for PBXProject "webviewlinksample" */ = {
			isa = XCConfigurationList;
			buildConfigurations = (
				2A25AB5728A14B25002C0F70 /* Debug */,
				2A25AB5828A14B25002C0F70 /* Release */,
			);
			defaultConfigurationIsVisible = 0;
			defaultConfigurationName = Release;
		};
		2A25AB5928A14B25002C0F70 /* Build configuration list for PBXNativeTarget "webviewlinksample" */ = {
			isa = XCConfigurationList;
			buildConfigurations = (
				2A25AB5A28A14B25002C0F70 /* Debug */,
				2A25AB5B28A14B25002C0F70 /* Release */,
			);
			defaultConfigurationIsVisible = 0;
			defaultConfigurationName = Release;
		};
		2A25AB5C28A14B25002C0F70 /* Build configuration list for PBXNativeTarget "webviewlinksampleTests" */ = {
			isa = XCConfigurationList;
			buildConfigurations = (
				2A25AB5D28A14B25002C0F70 /* Debug */,
				2A25AB5E28A14B25002C0F70 /* Release */,
			);
			defaultConfigurationIsVisible = 0;
			defaultConfigurationName = Release;
		};
		2A25AB5F28A14B25002C0F70 /* Build configuration list for PBXNativeTarget "webviewlinksampleUITests" */ = {
			isa = XCConfigurationList;
			buildConfigurations = (
				2A25AB6028A14B25002C0F70 /* Debug */,
				2A25AB6128A14B25002C0F70 /* Release */,
			);
			defaultConfigurationIsVisible = 0;
			defaultConfigurationName = Release;
		};
/* End XCConfigurationList section */
	};
	rootObject = 2A25AB2D28A14B22002C0F70 /* Project object */;
}
